{
  "name": "@istjustaname/polymer-chaturbate-hearts",
  "version": "1.0.0",
  "lockfileVersion": 1,
  "requires": true,
  "dependencies": {
    "@polymer/iron-flex-layout": {
      "version": "3.0.0-pre.26",
      "resolved": "https://registry.npmjs.org/@polymer/iron-flex-layout/-/iron-flex-layout-3.0.0-pre.26.tgz",
      "integrity": "sha512-UaINS81IL0S+uqCmYrU3kRLIMAcDyiHYE2z7chjCk5qcY2obpV4VQFQibbtzMlsIDWV29zHGsnwBpEl7VJ9BaQ==",
      "requires": {
        "@polymer/polymer": "^3.0.0"
      }
    },
    "@polymer/iron-icon": {
      "version": "3.0.0-pre.26",
      "resolved": "https://registry.npmjs.org/@polymer/iron-icon/-/iron-icon-3.0.0-pre.26.tgz",
      "integrity": "sha512-4gB8KkQxN9kXGuRWfhpw+Pyn65tqk80fN9ZYJ+Eu/UAoulG1ye75AYGk0zAFZxGokIRZqWaJnfpDclFwlIRwgA==",
      "requires": {
        "@polymer/iron-flex-layout": "^3.0.0-pre.25",
        "@polymer/iron-meta": "^3.0.0-pre.25",
        "@polymer/polymer": "^3.0.0"
      }
    },
    "@polymer/iron-icons": {
      "version": "3.0.0-pre.26",
      "resolved": "https://registry.npmjs.org/@polymer/iron-icons/-/iron-icons-3.0.0-pre.26.tgz",
      "integrity": "sha512-0ysPp4l7a29BwuOQLlHXTETvTUWV90DiGAbLbqonnBOhULslTF6Ft9TX4ebUDZhb1boCXhMQhkdgufeaDJLv8A==",
      "requires": {
        "@polymer/iron-icon": "^3.0.0-pre.25",
        "@polymer/iron-iconset-svg": "^3.0.0-pre.25",
        "@polymer/polymer": "^3.0.0"
      }
    },
    "@polymer/iron-iconset-svg": {
      "version": "3.0.0-pre.26",
      "resolved": "https://registry.npmjs.org/@polymer/iron-iconset-svg/-/iron-iconset-svg-3.0.0-pre.26.tgz",
      "integrity": "sha512-oFeOUPuJDfhz7NxiTYqIuTFn0IsGyMiRkpDQDLo4RklcVLcwtoA+m4cjpVONOUBdxyk7+/OZMpe372hQuAtsYg==",
      "requires": {
        "@polymer/iron-meta": "^3.0.0-pre.25",
        "@polymer/polymer": "^3.0.0"
      }
    },
    "@polymer/iron-meta": {
      "version": "3.0.0-pre.26",
      "resolved": "https://registry.npmjs.org/@polymer/iron-meta/-/iron-meta-3.0.0-pre.26.tgz",
      "integrity": "sha512-uSwy+IkLeCsReXgWXp/AZTObhNC19HsJTW2gx2QjOGrNe3+TcpNWrTVlfwJxjSb8rg40leG47/NA7KpnCPmS2w==",
      "requires": {
        "@polymer/polymer": "^3.0.0"
      }
    },
    "@polymer/polymer": {
      "version": "3.0.5",
      "resolved": "https://registry.npmjs.org/@polymer/polymer/-/polymer-3.0.5.tgz",
      "integrity": "sha512-Zbmhtr5vZ3NoHWwFYLKI4ff7yfE6DZopI8vaS7HvmUIuNqsv/EpEDXfNEYjqePQmkMX5LU9OIKV1eX/+9aveow==",
      "requires": {
        "@webcomponents/shadycss": "^1.2.0"
      }
    },
    "@webcomponents/shadycss": {
      "version": "1.5.0",
      "resolved": "https://registry.npmjs.org/@webcomponents/shadycss/-/shadycss-1.5.0.tgz",
      "integrity": "sha512-jNuC7alo3EfiqZPosCruJuMAaUI9qgiuGxFcFyPWjOpo4BP+vgC7hxpTzQYxbIWUgrqkn9lnfPup2hE9c/h/PQ=="
    }
  }
}
